<?xml version="1.0" encoding="UTF-8" standalone="yes" ?>
<CodeBlocks_project_file>
	<FileVersion major="1" minor="6" />
	<Project>
		<Option title="Eldritch" />
		<Option pch_mode="2" />
		<Option compiler="gcc" />
		<Build>
			<Target title="Debug Win32">
				<Option output="Eldritch" prefix_auto="1" extension_auto="1" />
				<Option object_output="Debug Win32" />
				<Option additional_output="../../Libraries/Core/Final Win32/libCore.a;" />
				<Option type="0" />
				<Option compiler="gcc" />
				<Compiler>
					<Add option="-Wall" />
					<Add option="-g" />
					<Add option="-O0" />
					<Add option="-D_DEBUG" />
					<Add directory="./src" />
					<Add directory="../../Libraries/Core/src" />
					<Add directory="../../Libraries/Math/src" />
					<Add directory="../../Libraries/2D/src" />
					<Add directory="../../Libraries/GLEW/src" />
					<Add directory="../../Libraries/3D/src" />
					<Add directory="../../Libraries/Audio/src" />
					<Add directory="../../Libraries/Framework/src" />
					<Add directory="../../Libraries/UI/src" />
					<Add directory="../../Libraries/Workbench/src" />
					<Add directory="../../Libraries/Rodin/src" />
					<Add directory="../../Libraries/ENet/src" />
					<Add directory="../../Libraries/zlib/src" />
				</Compiler>
				<ResourceCompiler>
					<Add directory="./src" />
					<Add directory="../../Libraries/Core/src" />
					<Add directory="../../Libraries/Math/src" />
					<Add directory="../../Libraries/2D/src" />
					<Add directory="../../Libraries/GLEW/src" />
					<Add directory="../../Libraries/3D/src" />
					<Add directory="../../Libraries/Audio/src" />
					<Add directory="../../Libraries/Framework/src" />
					<Add directory="../../Libraries/UI/src" />
					<Add directory="../../Libraries/Workbench/src" />
					<Add directory="../../Libraries/Rodin/src" />
					<Add directory="../../Libraries/ENet/src" />
					<Add directory="../../Libraries/zlib/src" />
				</ResourceCompiler>
			</Target>
			<Target title="Release Win32">
				<Option output="Eldritch" prefix_auto="1" extension_auto="1" />
				<Option object_output="Release Win32" />
				<Option type="0" />
				<Option compiler="gcc" />
				<Compiler>
					<Add option="-Wall" />
					<Add option="-DNDEBUG" />
					<Add directory="./src" />
					<Add directory="../../Libraries/Core/src" />
					<Add directory="../../Libraries/Math/src" />
					<Add directory="../../Libraries/2D/src" />
					<Add directory="../../Libraries/GLEW/src" />
					<Add directory="../../Libraries/3D/src" />
					<Add directory="../../Libraries/Audio/src" />
					<Add directory="../../Libraries/Framework/src" />
					<Add directory="../../Libraries/UI/src" />
					<Add directory="../../Libraries/Workbench/src" />
					<Add directory="../../Libraries/Rodin/src" />
					<Add directory="../../Libraries/ENet/src" />
					<Add directory="../../Libraries/zlib/src" />
				</Compiler>
				<ResourceCompiler>
					<Add directory="./src" />
					<Add directory="../../Libraries/Core/src" />
					<Add directory="../../Libraries/Math/src" />
					<Add directory="../../Libraries/2D/src" />
					<Add directory="../../Libraries/GLEW/src" />
					<Add directory="../../Libraries/3D/src" />
					<Add directory="../../Libraries/Audio/src" />
					<Add directory="../../Libraries/Framework/src" />
					<Add directory="../../Libraries/UI/src" />
					<Add directory="../../Libraries/Workbench/src" />
					<Add directory="../../Libraries/Rodin/src" />
					<Add directory="../../Libraries/ENet/src" />
					<Add directory="../../Libraries/zlib/src" />
				</ResourceCompiler>
				<Linker>
					<Add option="-s" />
				</Linker>
			</Target>
			<Target title="Final Win32">
				<Option output="Final Win32/Eldritch" prefix_auto="1" extension_auto="1" />
				<Option object_output="Final Win32" />
				<Option type="0" />
				<Option compiler="gcc" />
				<Compiler>
					<Add option="-Wall" />
					<Add option="-DNDEBUG" />
					<Add option="-D_FINAL" />
					<Add directory="./src" />
					<Add directory="../../Libraries/Core/src" />
					<Add directory="../../Libraries/Math/src" />
					<Add directory="../../Libraries/2D/src" />
					<Add directory="../../Libraries/GLEW/src" />
					<Add directory="../../Libraries/3D/src" />
					<Add directory="../../Libraries/Audio/src" />
					<Add directory="../../Libraries/Framework/src" />
					<Add directory="../../Libraries/UI/src" />
					<Add directory="../../Libraries/Workbench/src" />
					<Add directory="../../Libraries/Rodin/src" />
					<Add directory="../../Libraries/ENet/src" />
					<Add directory="../../Libraries/zlib/src" />
				</Compiler>
				<ResourceCompiler>
					<Add directory="./src" />
					<Add directory="../../Libraries/Core/src" />
					<Add directory="../../Libraries/Math/src" />
					<Add directory="../../Libraries/2D/src" />
					<Add directory="../../Libraries/GLEW/src" />
					<Add directory="../../Libraries/3D/src" />
					<Add directory="../../Libraries/Audio/src" />
					<Add directory="../../Libraries/Framework/src" />
					<Add directory="../../Libraries/UI/src" />
					<Add directory="../../Libraries/Workbench/src" />
					<Add directory="../../Libraries/Rodin/src" />
					<Add directory="../../Libraries/ENet/src" />
					<Add directory="../../Libraries/zlib/src" />
				</ResourceCompiler>
				<Linker>
					<Add option="-s" />
				</Linker>
			</Target>
		</Build>
		<Linker>
			<Add option="-Wl,-R./" />
			<Add library="../../Libraries/Framework/Final Win32/libFramework.a" />
			<Add library="../../Libraries/UI/Final Win32/libUI.a" />
			<Add library="../../Libraries/Rodin/Final Win32/libRodin.a" />
			<Add library="../../Libraries/Workbench/Final Win32/libWorkbench.a" />
			<Add library="../../Libraries/Audio/Final Win32/libAudio.a" />
			<Add library="../../Libraries/3D/Final Win32/lib3D.a" />
			<Add library="../../Libraries/GLEW/Final Win32/libGLEW.a" />
			<Add library="../../Libraries/2D/Final Win32/lib2D.a" />
			<Add library="../../Libraries/Math/Final Win32/libMath.a" />
			<Add library="../../Libraries/Core/Final Win32/libCore.a" />
			<Add library="../../Libraries/zlib/Final Win32/libzlib.a" />
			<Add library="/usr/local/lib/libSDL2.a" />
			<Add library="/usr/local/lib/libSDL2main.a" />
			<Add library="fmodex" />
			<Add library="GL" />
			<Add library="rt" />
			<Add directory="/home/david/Dev/fmodapi44422linux/api/lib" />
		</Linker>
		<Unit filename="src/Actions/wbactioneldaddblock.cpp" />
		<Unit filename="src/Actions/wbactioneldaddblock.h" />
		<Unit filename="src/Actions/wbactioneldbanktransaction.cpp" />
		<Unit filename="src/Actions/wbactioneldbanktransaction.h" />
		<Unit filename="src/Actions/wbactioneldbindinput.cpp" />
		<Unit filename="src/Actions/wbactioneldbindinput.h" />
		<Unit filename="src/Actions/wbactioneldcheckcone.cpp" />
		<Unit filename="src/Actions/wbactioneldcheckcone.h" />
		<Unit filename="src/Actions/wbactioneldcheckline.cpp" />
		<Unit filename="src/Actions/wbactioneldcheckline.h" />
		<Unit filename="src/Actions/wbactioneldchecksphere.cpp" />
		<Unit filename="src/Actions/wbactioneldchecksphere.h" />
		<Unit filename="src/Actions/wbactionelddamageworld.cpp" />
		<Unit filename="src/Actions/wbactionelddamageworld.h" />
		<Unit filename="src/Actions/wbactioneldgiveitem.cpp" />
		<Unit filename="src/Actions/wbactioneldgiveitem.h" />
		<Unit filename="src/Actions/wbactioneldgotolevel.cpp" />
		<Unit filename="src/Actions/wbactioneldgotolevel.h" />
		<Unit filename="src/Actions/wbactioneldlaunchwebsite.cpp" />
		<Unit filename="src/Actions/wbactioneldlaunchwebsite.h" />
		<Unit filename="src/Actions/wbactioneldplayanim.cpp" />
		<Unit filename="src/Actions/wbactioneldplayanim.h" />
		<Unit filename="src/Actions/wbactioneldplayhandanim.cpp" />
		<Unit filename="src/Actions/wbactioneldplayhandanim.h" />
		<Unit filename="src/Actions/wbactioneldremoveblock.cpp" />
		<Unit filename="src/Actions/wbactioneldremoveblock.h" />
		<Unit filename="src/Actions/wbactioneldsetlight.cpp" />
		<Unit filename="src/Actions/wbactioneldsetlight.h" />
		<Unit filename="src/Actions/wbactioneldsetpersistentvar.cpp" />
		<Unit filename="src/Actions/wbactioneldsetpersistentvar.h" />
		<Unit filename="src/Actions/wbactioneldshowbook.cpp" />
		<Unit filename="src/Actions/wbactioneldshowbook.h" />
		<Unit filename="src/Actions/wbactioneldspawnentity.cpp" />
		<Unit filename="src/Actions/wbactioneldspawnentity.h" />
		<Unit filename="src/Actions/wbactioneldstopmotion.cpp" />
		<Unit filename="src/Actions/wbactioneldstopmotion.h" />
		<Unit filename="src/Actions/wbactioneldtweetrip.cpp" />
		<Unit filename="src/Actions/wbactioneldtweetrip.h" />
		<Unit filename="src/AnimEvents/animeventeldexecuteaction.cpp" />
		<Unit filename="src/AnimEvents/animeventeldexecuteaction.h" />
		<Unit filename="src/AnimEvents/animeventeldsendevent.cpp" />
		<Unit filename="src/AnimEvents/animeventeldsendevent.h" />
		<Unit filename="src/BTNodes/rodinbtnodeeldlookat.cpp" />
		<Unit filename="src/BTNodes/rodinbtnodeeldlookat.h" />
		<Unit filename="src/BTNodes/rodinbtnodeeldmoveto.cpp" />
		<Unit filename="src/BTNodes/rodinbtnodeeldmoveto.h" />
		<Unit filename="src/BTNodes/rodinbtnodeeldplayanim.cpp" />
		<Unit filename="src/BTNodes/rodinbtnodeeldplayanim.h" />
		<Unit filename="src/BTNodes/rodinbtnodeeldplaybark.cpp" />
		<Unit filename="src/BTNodes/rodinbtnodeeldplaybark.h" />
		<Unit filename="src/BTNodes/rodinbtnodeeldstopmoving.cpp" />
		<Unit filename="src/BTNodes/rodinbtnodeeldstopmoving.h" />
		<Unit filename="src/BTNodes/rodinbtnodeeldturntoward.cpp" />
		<Unit filename="src/BTNodes/rodinbtnodeeldturntoward.h" />
		<Unit filename="src/Components/wbcompeldaimotion.cpp" />
		<Unit filename="src/Components/wbcompeldaimotion.h" />
		<Unit filename="src/Components/wbcompeldammobag.cpp" />
		<Unit filename="src/Components/wbcompeldammobag.h" />
		<Unit filename="src/Components/wbcompeldanchor.cpp" />
		<Unit filename="src/Components/wbcompeldanchor.h" />
		<Unit filename="src/Components/wbcompeldcamera.cpp" />
		<Unit filename="src/Components/wbcompeldcamera.h" />
		<Unit filename="src/Components/wbcompeldcharacter.cpp" />
		<Unit filename="src/Components/wbcompeldcharacter.h" />
		<Unit filename="src/Components/wbcompeldclimbable.cpp" />
		<Unit filename="src/Components/wbcompeldclimbable.h" />
		<Unit filename="src/Components/wbcompeldcollision.cpp" />
		<Unit filename="src/Components/wbcompeldcollision.h" />
		<Unit filename="src/Components/wbcompelddamager.cpp" />
		<Unit filename="src/Components/wbcompelddamager.h" />
		<Unit filename="src/Components/wbcompelddoor.cpp" />
		<Unit filename="src/Components/wbcompelddoor.h" />
		<Unit filename="src/Components/wbcompelddropshadow.cpp" />
		<Unit filename="src/Components/wbcompelddropshadow.h" />
		<Unit filename="src/Components/wbcompeldendgamecounter.cpp" />
		<Unit filename="src/Components/wbcompeldendgamecounter.h" />
		<Unit filename="src/Components/wbcompeldfaction.cpp" />
		<Unit filename="src/Components/wbcompeldfaction.h" />
		<Unit filename="src/Components/wbcompeldfootsteps.cpp" />
		<Unit filename="src/Components/wbcompeldfootsteps.h" />
		<Unit filename="src/Components/wbcompeldfrobbable.cpp" />
		<Unit filename="src/Components/wbcompeldfrobbable.h" />
		<Unit filename="src/Components/wbcompeldfrobber.cpp" />
		<Unit filename="src/Components/wbcompeldfrobber.h" />
		<Unit filename="src/Components/wbcompeldhands.cpp" />
		<Unit filename="src/Components/wbcompeldhands.h" />
		<Unit filename="src/Components/wbcompeldhard.cpp" />
		<Unit filename="src/Components/wbcompeldhard.h" />
		<Unit filename="src/Components/wbcompeldhardlistener.cpp" />
		<Unit filename="src/Components/wbcompeldhardlistener.h" />
		<Unit filename="src/Components/wbcompeldheadtracker.cpp" />
		<Unit filename="src/Components/wbcompeldheadtracker.h" />
		<Unit filename="src/Components/wbcompeldhealth.cpp" />
		<Unit filename="src/Components/wbcompeldhealth.h" />
		<Unit filename="src/Components/wbcompeldhudmarker.cpp" />
		<Unit filename="src/Components/wbcompeldhudmarker.h" />
		<Unit filename="src/Components/wbcompeldicicles.cpp" />
		<Unit filename="src/Components/wbcompeldicicles.h" />
		<Unit filename="src/Components/wbcompeldinventory.cpp" />
		<Unit filename="src/Components/wbcompeldinventory.h" />
		<Unit filename="src/Components/wbcompelditem.cpp" />
		<Unit filename="src/Components/wbcompelditem.h" />
		<Unit filename="src/Components/wbcompeldkeyring.cpp" />
		<Unit filename="src/Components/wbcompeldkeyring.h" />
		<Unit filename="src/Components/wbcompeldlight.cpp" />
		<Unit filename="src/Components/wbcompeldlight.h" />
		<Unit filename="src/Components/wbcompeldlock.cpp" />
		<Unit filename="src/Components/wbcompeldlock.h" />
		<Unit filename="src/Components/wbcompeldmapmarker.cpp" />
		<Unit filename="src/Components/wbcompeldmapmarker.h" />
		<Unit filename="src/Components/wbcompeldmarkup.cpp" />
		<Unit filename="src/Components/wbcompeldmarkup.h" />
		<Unit filename="src/Components/wbcompeldmesh.cpp" />
		<Unit filename="src/Components/wbcompeldmesh.h" />
		<Unit filename="src/Components/wbcompeldminimap.cpp" />
		<Unit filename="src/Components/wbcompeldminimap.h" />
		<Unit filename="src/Components/wbcompeldparticles.cpp" />
		<Unit filename="src/Components/wbcompeldparticles.h" />
		<Unit filename="src/Components/wbcompeldpickup.cpp" />
		<Unit filename="src/Components/wbcompeldpickup.h" />
		<Unit filename="src/Components/wbcompeldplayer.cpp" />
		<Unit filename="src/Components/wbcompeldplayer.h" />
		<Unit filename="src/Components/wbcompeldpowerteleport.cpp" />
		<Unit filename="src/Components/wbcompeldpowerteleport.h" />
		<Unit filename="src/Components/wbcompeldrespawner.cpp" />
		<Unit filename="src/Components/wbcompeldrespawner.h" />
		<Unit filename="src/Components/wbcompeldrope.cpp" />
		<Unit filename="src/Components/wbcompeldrope.h" />
		<Unit filename="src/Components/wbcompeldsensor.cpp" />
		<Unit filename="src/Components/wbcompeldsensor.h" />
		<Unit filename="src/Components/wbcompeldsensordamage.cpp" />
		<Unit filename="src/Components/wbcompeldsensordamage.h" />
		<Unit filename="src/Components/wbcompeldsensorhearing.cpp" />
		<Unit filename="src/Components/wbcompeldsensorhearing.h" />
		<Unit filename="src/Components/wbcompeldsensormarkup.cpp" />
		<Unit filename="src/Components/wbcompeldsensormarkup.h" />
		<Unit filename="src/Components/wbcompeldsensorpoll.cpp" />
		<Unit filename="src/Components/wbcompeldsensorpoll.h" />
		<Unit filename="src/Components/wbcompeldsensortheft.cpp" />
		<Unit filename="src/Components/wbcompeldsensortheft.h" />
		<Unit filename="src/Components/wbcompeldsensorvision.cpp" />
		<Unit filename="src/Components/wbcompeldsensorvision.h" />
		<Unit filename="src/Components/wbcompeldsleeper.cpp" />
		<Unit filename="src/Components/wbcompeldsleeper.h" />
		<Unit filename="src/Components/wbcompeldsound.cpp" />
		<Unit filename="src/Components/wbcompeldsound.h" />
		<Unit filename="src/Components/wbcompeldspikes.cpp" />
		<Unit filename="src/Components/wbcompeldspikes.h" />
		<Unit filename="src/Components/wbcompeldthinker.cpp" />
		<Unit filename="src/Components/wbcompeldthinker.h" />
		<Unit filename="src/Components/wbcompeldthinkerhearwormtarget.cpp" />
		<Unit filename="src/Components/wbcompeldthinkerhearwormtarget.h" />
		<Unit filename="src/Components/wbcompeldthinkerpatrol.cpp" />
		<Unit filename="src/Components/wbcompeldthinkerpatrol.h" />
		<Unit filename="src/Components/wbcompeldthinkertarget.cpp" />
		<Unit filename="src/Components/wbcompeldthinkertarget.h" />
		<Unit filename="src/Components/wbcompeldtransform.cpp" />
		<Unit filename="src/Components/wbcompeldtransform.h" />
		<Unit filename="src/Components/wbcompeldtrapbolt.cpp" />
		<Unit filename="src/Components/wbcompeldtrapbolt.h" />
		<Unit filename="src/Components/wbcompeldusable.cpp" />
		<Unit filename="src/Components/wbcompeldusable.h" />
		<Unit filename="src/Components/wbcompeldvisible.cpp" />
		<Unit filename="src/Components/wbcompeldvisible.h" />
		<Unit filename="src/Components/wbcompeldwallet.cpp" />
		<Unit filename="src/Components/wbcompeldwallet.h" />
		<Unit filename="src/Components/wbcompeldwatson.cpp" />
		<Unit filename="src/Components/wbcompeldwatson.h" />
		<Unit filename="src/Components/wbcompeldweapon.cpp" />
		<Unit filename="src/Components/wbcompeldweapon.h" />
		<Unit filename="src/Components/wbeldritchcomponent.cpp" />
		<Unit filename="src/Components/wbeldritchcomponent.h" />
		<Unit filename="src/PEs/wbpeelddistance.cpp" />
		<Unit filename="src/PEs/wbpeelddistance.h" />
		<Unit filename="src/PEs/wbpeeldgetcharactervo.cpp" />
		<Unit filename="src/PEs/wbpeeldgetcharactervo.h" />
		<Unit filename="src/PEs/wbpeeldgetfaction.cpp" />
		<Unit filename="src/PEs/wbpeeldgetfaction.h" />
		<Unit filename="src/PEs/wbpeeldgetitem.cpp" />
		<Unit filename="src/PEs/wbpeeldgetitem.h" />
		<Unit filename="src/PEs/wbpeeldgetlocation.cpp" />
		<Unit filename="src/PEs/wbpeeldgetlocation.h" />
		<Unit filename="src/PEs/wbpeeldgetpersistentvar.cpp" />
		<Unit filename="src/PEs/wbpeeldgetpersistentvar.h" />
		<Unit filename="src/PEs/wbpeeldgetslot.cpp" />
		<Unit filename="src/PEs/wbpeeldgetslot.h" />
		<Unit filename="src/PEs/wbpeeldgetvelocity.cpp" />
		<Unit filename="src/PEs/wbpeeldgetvelocity.h" />
		<Unit filename="src/PEs/wbpeeldhardscalar.cpp" />
		<Unit filename="src/PEs/wbpeeldhardscalar.h" />
		<Unit filename="src/PEs/wbpeeldhardswitch.cpp" />
		<Unit filename="src/PEs/wbpeeldhardswitch.h" />
		<Unit filename="src/PEs/wbpeeldplayer.cpp" />
		<Unit filename="src/PEs/wbpeeldplayer.h" />
		<Unit filename="src/SDPs/sdpelddropshadow.cpp" />
		<Unit filename="src/SDPs/sdpelddropshadow.h" />
		<Unit filename="src/SDPs/sdpeldhud.cpp" />
		<Unit filename="src/SDPs/sdpeldhud.h" />
		<Unit filename="src/SDPs/sdpeldhudcalibration.cpp" />
		<Unit filename="src/SDPs/sdpeldhudcalibration.h" />
		<Unit filename="src/SDPs/sdpeldlit.cpp" />
		<Unit filename="src/SDPs/sdpeldlit.h" />
		<Unit filename="src/SDPs/sdpeldpost.cpp" />
		<Unit filename="src/SDPs/sdpeldpost.h" />
		<Unit filename="src/SDPs/sdpeldworld.cpp" />
		<Unit filename="src/SDPs/sdpeldworld.h" />
		<Unit filename="src/Screens/uiscreen-eldbindinputs.cpp" />
		<Unit filename="src/Screens/uiscreen-eldbindinputs.h" />
		<Unit filename="src/Screens/uiscreen-eldcredits.cpp" />
		<Unit filename="src/Screens/uiscreen-eldcredits.h" />
		<Unit filename="src/Screens/uiscreen-eldmirror.cpp" />
		<Unit filename="src/Screens/uiscreen-eldmirror.h" />
		<Unit filename="src/Screens/uiscreen-eldsetres.cpp" />
		<Unit filename="src/Screens/uiscreen-eldsetres.h" />
		<Unit filename="src/eldritchanimevents.h" />
		<Unit filename="src/eldritchbank.cpp" />
		<Unit filename="src/eldritchbank.h" />
		<Unit filename="src/eldritchfactions.cpp" />
		<Unit filename="src/eldritchfactions.h" />
		<Unit filename="src/eldritchframework.cpp" />
		<Unit filename="src/eldritchframework.h" />
		<Unit filename="src/eldritchgame.cpp" />
		<Unit filename="src/eldritchgame.h" />
		<Unit filename="src/eldritchirradiance.cpp" />
		<Unit filename="src/eldritchirradiance.h" />
		<Unit filename="src/eldritchmesh.cpp" />
		<Unit filename="src/eldritchmesh.h" />
		<Unit filename="src/eldritchmusic.cpp" />
		<Unit filename="src/eldritchmusic.h" />
		<Unit filename="src/eldritchnav.cpp" />
		<Unit filename="src/eldritchnav.h" />
		<Unit filename="src/eldritchparticles.cpp" />
		<Unit filename="src/eldritchparticles.h" />
		<Unit filename="src/eldritchpersistence.cpp" />
		<Unit filename="src/eldritchpersistence.h" />
		<Unit filename="src/eldritchrodinbtnodes.h" />
		<Unit filename="src/eldritchroom.cpp" />
		<Unit filename="src/eldritchroom.h" />
		<Unit filename="src/eldritchsaveload.cpp" />
		<Unit filename="src/eldritchsaveload.h" />
		<Unit filename="src/eldritchsdps.h" />
		<Unit filename="src/eldritchsound3dlistener.cpp" />
		<Unit filename="src/eldritchsound3dlistener.h" />
		<Unit filename="src/eldritchtargetmanager.cpp" />
		<Unit filename="src/eldritchtargetmanager.h" />
		<Unit filename="src/eldritchtools.cpp" />
		<Unit filename="src/eldritchtools.h" />
		<Unit filename="src/eldritchuiscreens.h" />
		<Unit filename="src/eldritchwbactions.h" />
		<Unit filename="src/eldritchwbcomponents.h" />
		<Unit filename="src/eldritchwbpes.h" />
		<Unit filename="src/eldritchwbscenehelpers.cpp" />
		<Unit filename="src/eldritchwbscenehelpers.h" />
		<Unit filename="src/eldritchworld.cpp" />
		<Unit filename="src/eldritchworld.h" />
		<Unit filename="src/eldritchworldgen.cpp" />
		<Unit filename="src/eldritchworldgen.h" />
		<Unit filename="src/main.cpp" />
		<Unit filename="src/uiinputmapeldritch.cpp" />
		<Unit filename="src/uiinputmapeldritch.h" />
		<Extensions>
			<code_completion />
			<debugger />
		</Extensions>
	</Project>
</CodeBlocks_project_file>
